
Microsoft Visual Studio Solution File, Format Version 12.00
# Visual Studio Version 16
VisualStudioVersion = 16.0.30204.135
MinimumVisualStudioVersion = 10.0.40219.1
Project("{FAE04EC0-301F-11D3-BF4B-00C04F79EFBC}") = "Web API", "Web API.csproj", "{5B6DDE0F-C8F3-4DFE-8AA6-CFCB5F8FD8D6}"
EndProject
Global
	GlobalSection(SolutionConfigurationPlatforms) = preSolution
		Debug|Any CPU = Debug|Any CPU
		Release|Any CPU = Release|Any CPU
	EndGlobalSection
	GlobalSection(ProjectConfigurationPlatforms) = postSolution
		{5B6DDE0F-C8F3-4DFE-8AA6-CFCB5F8FD8D6}.Debug|Any CPU.ActiveCfg = Debug|Any CPU
		{5B6DDE0F-C8F3-4DFE-8AA6-CFCB5F8FD8D6}.Debug|Any CPU.Build.0 = Debug|Any CPU
		{5B6DDE0F-C8F3-4DFE-8AA6-CFCB5F8FD8D6}.Release|Any CPU.ActiveCfg = Release|Any CPU
		{5B6DDE0F-C8F3-4DFE-8AA6-CFCB5F8FD8D6}.Release|Any CPU.Build.0 = Release|Any CPU
	EndGlobalSection
	GlobalSection(SolutionProperties) = preSolution
		HideSolutionNode = FALSE
	EndGlobalSection
	GlobalSection(ExtensibilityGlobals) = postSolution
		SolutionGuid = {F7F7C39C-6CBA-4724-8C20-CFA9ED42149A}
	EndGlobalSection
EndGlobal
